
Microsoft Visual Studio Solution File, Format Version 12.00
# Visual Studio Version 17
VisualStudioVersion = 17.14.36518.9 d17.14
MinimumVisualStudioVersion = 10.0.40219.1
Project("{FAE04EC0-301F-11D3-BF4B-00C04F79EFBC}") = "games", "games\games.csproj", "{DE14F417-CFC5-470A-914E-599A80F4FC93}"
EndProject
Global
	GlobalSection(SolutionConfigurationPlatforms) = preSolution
		Debug|Any CPU = Debug|Any CPU
		Release|Any CPU = Release|Any CPU
	EndGlobalSection
	GlobalSection(ProjectConfigurationPlatforms) = postSolution
		{DE14F417-CFC5-470A-914E-599A80F4FC93}.Debug|Any CPU.ActiveCfg = Debug|Any CPU
		{DE14F417-CFC5-470A-914E-599A80F4FC93}.Debug|Any CPU.Build.0 = Debug|Any CPU
		{DE14F417-CFC5-470A-914E-599A80F4FC93}.Release|Any CPU.ActiveCfg = Release|Any CPU
		{DE14F417-CFC5-470A-914E-599A80F4FC93}.Release|Any CPU.Build.0 = Release|Any CPU
	EndGlobalSection
	GlobalSection(SolutionProperties) = preSolution
		HideSolutionNode = FALSE
	EndGlobalSection
	GlobalSection(ExtensibilityGlobals) = postSolution
		SolutionGuid = {B2812238-C38F-41BE-9123-3FA1CB909120}
	EndGlobalSection
EndGlobal
